// !$*UTF8*$!
{
	archiveVersion = 1;
	classes = {
	};
	objectVersion = 50;
	objects = {

/* Begin PBXBuildFile section */
		B22889345B9A4A2E0EE2E5EF /* libPods-DealApp.a in Frameworks */ = {isa = PBXBuildFile; fileRef = E6C3CD512BFBC5AC88643526 /* libPods-DealApp.a */; };
		FA16C3D326DE1DA500692CFD /* AppDelegate.swift in Sources */ = {isa = PBXBuildFile; fileRef = FA16C3D226DE1DA500692CFD /* AppDelegate.swift */; };
		FA16C3D526DE1DA500692CFD /* SceneDelegate.swift in Sources */ = {isa = PBXBuildFile; fileRef = FA16C3D426DE1DA500692CFD /* SceneDelegate.swift */; };
		FA16C3D726DE1DA500692CFD /* ViewController.swift in Sources */ = {isa = PBXBuildFile; fileRef = FA16C3D626DE1DA500692CFD /* ViewController.swift */; };
		FA16C3DA26DE1DA500692CFD /* Main.storyboard in Resources */ = {isa = PBXBuildFile; fileRef = FA16C3D826DE1DA500692CFD /* Main.storyboard */; };
		FA16C3DC26DE1DA600692CFD /* Assets.xcassets in Resources */ = {isa = PBXBuildFile; fileRef = FA16C3DB26DE1DA600692CFD /* Assets.xcassets */; };
		FA16C3DF26DE1DA600692CFD /* LaunchScreen.storyboard in Resources */ = {isa = PBXBuildFile; fileRef = FA16C3DD26DE1DA600692CFD /* LaunchScreen.storyboard */; };
/* End PBXBuildFile section */

/* Begin PBXFileReference section */
		E3FD4F7943E70B053CB910CE /* Pods-DealApp.release.xcconfig */ = {isa = PBXFileReference; includeInIndex = 1; lastKnownFileType = text.xcconfig; name = "Pods-DealApp.release.xcconfig"; path = "Target Support Files/Pods-DealApp/Pods-DealApp.release.xcconfig"; sourceTree = "<group>"; };
		E6C3CD512BFBC5AC88643526 /* libPods-DealApp.a */ = {isa = PBXFileReference; explicitFileType = archive.ar; includeInIndex = 0; path = "libPods-DealApp.a"; sourceTree = BUILT_PRODUCTS_DIR; };
		F8D043735E9A648D1480E1AC /* Pods-DealApp.debug.xcconfig */ = {isa = PBXFileReference; includeInIndex = 1; lastKnownFileType = text.xcconfig; name = "Pods-DealApp.debug.xcconfig"; path = "Target Support Files/Pods-DealApp/Pods-DealApp.debug.xcconfig"; sourceTree = "<group>"; };
		FA16C3CF26DE1DA500692CFD /* DealApp.app */ = {isa = PBXFileReference; explicitFileType = wrapper.application; includeInIndex = 0; path = DealApp.app; sourceTree = BUILT_PRODUCTS_DIR; };
		FA16C3D226DE1DA500692CFD /* AppDelegate.swift */ = {isa = PBXFileReference; lastKnownFileType = sourcecode.swift; path = AppDelegate.swift; sourceTree = "<group>"; };
		FA16C3D426DE1DA500692CFD /* SceneDelegate.swift */ = {isa = PBXFileReference; lastKnownFileType = sourcecode.swift; path = SceneDelegate.swift; sourceTree = "<group>"; };
		FA16C3D626DE1DA500692CFD /* ViewController.swift */ = {isa = PBXFileReference; lastKnownFileType = sourcecode.swift; path = ViewController.swift; sourceTree = "<group>"; };
		FA16C3D926DE1DA500692CFD /* Base */ = {isa = PBXFileReference; lastKnownFileType = file.storyboard; name = Base; path = Base.lproj/Main.storyboard; sourceTree = "<group>"; };
		FA16C3DB26DE1DA600692CFD /* Assets.xcassets */ = {isa = PBXFileReference; lastKnownFileType = folder.assetcatalog; path = Assets.xcassets; sourceTree = "<group>"; };
		FA16C3DE26DE1DA600692CFD /* Base */ = {isa = PBXFileReference; lastKnownFileType = file.storyboard; name = Base; path = Base.lproj/LaunchScreen.storyboard; sourceTree = "<group>"; };
		FA16C3E026DE1DA600692CFD /* Info.plist */ = {isa = PBXFileReference; lastKnownFileType = text.plist.xml; path = Info.plist; sourceTree = "<group>"; };
/* End PBXFileReference section */

/* Begin PBXFrameworksBuildPhase section */
		FA16C3CC26DE1DA500692CFD /* Frameworks */ = {
			isa = PBXFrameworksBuildPhase;
			buildActionMask = 2147483647;
			files = (
				B22889345B9A4A2E0EE2E5EF /* libPods-DealApp.a in Frameworks */,
			);
			runOnlyForDeploymentPostprocessing = 0;
		};
/* End PBXFrameworksBuildPhase section */

/* Begin PBXGroup section */
		9491FC92F894F2B5F41FD6DC /* Frameworks */ = {
			isa = PBXGroup;
			children = (
				E6C3CD512BFBC5AC88643526 /* libPods-DealApp.a */,
			);
			name = Frameworks;
			sourceTree = "<group>";
		};
		F9205471BDAD8C03A3DA92E6 /* Pods */ = {
			isa = PBXGroup;
			children = (
				F8D043735E9A648D1480E1AC /* Pods-DealApp.debug.xcconfig */,
				E3FD4F7943E70B053CB910CE /* Pods-DealApp.release.xcconfig */,
			);
			name = Pods;
			path = Pods;
			sourceTree = "<group>";
		};
		FA16C3C626DE1DA500692CFD = {
			isa = PBXGroup;
			children = (
				FA16C3D126DE1DA500692CFD /* DealApp */,
				FA16C3D026DE1DA500692CFD /* Products */,
				F9205471BDAD8C03A3DA92E6 /* Pods */,
				9491FC92F894F2B5F41FD6DC /* Frameworks */,
			);
			sourceTree = "<group>";
		};
		FA16C3D026DE1DA500692CFD /* Products */ = {
			isa = PBXGroup;
			children = (
				FA16C3CF26DE1DA500692CFD /* DealApp.app */,
			);
			name = Products;
			sourceTree = "<group>";
		};
		FA16C3D126DE1DA500692CFD /* DealApp */ = {
			isa = PBXGroup;
			children = (
				FA16C3D226DE1DA500692CFD /* AppDelegate.swift */,
				FA16C3D426DE1DA500692CFD /* SceneDelegate.swift */,
				FA16C3D626DE1DA500692CFD /* ViewController.swift */,
				FA16C3D826DE1DA500692CFD /* Main.storyboard */,
				FA16C3DB26DE1DA600692CFD /* Assets.xcassets */,
				FA16C3DD26DE1DA600692CFD /* LaunchScreen.storyboard */,
				FA16C3E026DE1DA600692CFD /* Info.plist */,
			);
			path = DealApp;
			sourceTree = "<group>";
		};
/* End PBXGroup section */

/* Begin PBXNativeTarget section */
		FA16C3CE26DE1DA500692CFD /* DealApp */ = {
			isa = PBXNativeTarget;
			buildConfigurationList = FA16C3E326DE1DA600692CFD /* Build configuration list for PBXNativeTarget "DealApp" */;
			buildPhases = (
				06202296338C7A258D9F0E5F /* [CP] Check Pods Manifest.lock */,
				FA16C3CB26DE1DA500692CFD /* Sources */,
				FA16C3CC26DE1DA500692CFD /* Frameworks */,
				FA16C3CD26DE1DA500692CFD /* Resources */,
				E206B073FC373CFBECC7EF9F /* [CP] Copy Pods Resources */,
			);
			buildRules = (
			);
			dependencies = (
			);
			name = DealApp;
			productName = DealApp;
			productReference = FA16C3CF26DE1DA500692CFD /* DealApp.app */;
			productType = "com.apple.product-type.application";
		};
/* End PBXNativeTarget section */

/* Begin PBXProject section */
		FA16C3C726DE1DA500692CFD /* Project object */ = {
			isa = PBXProject;
			attributes = {
				LastSwiftUpdateCheck = 1250;
				LastUpgradeCheck = 1250;
				TargetAttributes = {
					FA16C3CE26DE1DA500692CFD = {
						CreatedOnToolsVersion = 12.5;
					};
				};
			};
			buildConfigurationList = FA16C3CA26DE1DA500692CFD /* Build configuration list for PBXProject "DealApp" */;
			compatibilityVersion = "Xcode 9.3";
			developmentRegion = en;
			hasScannedForEncodings = 0;
			knownRegions = (
				en,
				Base,
			);
			mainGroup = FA16C3C626DE1DA500692CFD;
			productRefGroup = FA16C3D026DE1DA500692CFD /* Products */;
			projectDirPath = "";
			projectRoot = "";
			targets = (
				FA16C3CE26DE1DA500692CFD /* DealApp */,
			);
		};
/* End PBXProject section */

/* Begin PBXResourcesBuildPhase section */
		FA16C3CD26DE1DA500692CFD /* Resources */ = {
			isa = PBXResourcesBuildPhase;
			buildActionMask = 2147483647;
			files = (
				FA16C3DF26DE1DA600692CFD /* LaunchScreen.storyboard in Resources */,
				FA16C3DC26DE1DA600692CFD /* Assets.xcassets in Resources */,
				FA16C3DA26DE1DA500692CFD /* Main.storyboard in Resources */,
			);
			runOnlyForDeploymentPostprocessing = 0;
		};
/* End PBXResourcesBuildPhase section */

/* Begin PBXShellScriptBuildPhase section */
		06202296338C7A258D9F0E5F /* [CP] Check Pods Manifest.lock */ = {
			isa = PBXShellScriptBuildPhase;
			buildActionMask = 2147483647;
			files = (
			);
			inputFileListPaths = (
			);
			inputPaths = (
				"${PODS_PODFILE_DIR_PATH}/Podfile.lock",
				"${PODS_ROOT}/Manifest.lock",
			);
			name = "[CP] Check Pods Manifest.lock";
			outputFileListPaths = (
			);
			outputPaths = (
				"$(DERIVED_FILE_DIR)/Pods-DealApp-checkManifestLockResult.txt",
			);
			runOnlyForDeploymentPostprocessing = 0;
			shellPath = /bin/sh;
			shellScript = "diff \"${PODS_PODFILE_DIR_PATH}/Podfile.lock\" \"${PODS_ROOT}/Manifest.lock\" > /dev/null\nif [ $? != 0 ] ; then\n    # print error to STDERR\n    echo \"error: The sandbox is not in sync with the Podfile.lock. Run 'pod install' or update your CocoaPods installation.\" >&2\n    exit 1\nfi\n# This output is used by Xcode 'outputs' to avoid re-running this script phase.\necho \"SUCCESS\" > \"${SCRIPT_OUTPUT_FILE_0}\"\n";
			showEnvVarsInLog = 0;
		};
		E206B073FC373CFBECC7EF9F /* [CP] Copy Pods Resources */ = {
			isa = PBXShellScriptBuildPhase;
			buildActionMask = 2147483647;
			files = (
			);
			inputFileListPaths = (
				"${PODS_ROOT}/Target Support Files/Pods-DealApp/Pods-DealApp-resources-${CONFIGURATION}-input-files.xcfilelist",
			);
			name = "[CP] Copy Pods Resources";
			outputFileListPaths = (
				"${PODS_ROOT}/Target Support Files/Pods-DealApp/Pods-DealApp-resources-${CONFIGURATION}-output-files.xcfilelist",
			);
			runOnlyForDeploymentPostprocessing = 0;
			shellPath = /bin/sh;
			shellScript = "\"${PODS_ROOT}/Target Support Files/Pods-DealApp/Pods-DealApp-resources.sh\"\n";
			showEnvVarsInLog = 0;
		};
/* End PBXShellScriptBuildPhase section */

/* Begin PBXSourcesBuildPhase section */
		FA16C3CB26DE1DA500692CFD /* Sources */ = {
			isa = PBXSourcesBuildPhase;
			buildActionMask = 2147483647;
			files = (
				FA16C3D726DE1DA500692CFD /* ViewController.swift in Sources */,
				FA16C3D326DE1DA500692CFD /* AppDelegate.swift in Sources */,
				FA16C3D526DE1DA500692CFD /* SceneDelegate.swift in Sources */,
			);
			runOnlyForDeploymentPostprocessing = 0;
		};
/* End PBXSourcesBuildPhase section */

/* Begin PBXVariantGroup section */
		FA16C3D826DE1DA500692CFD /* Main.storyboard */ = {
			isa = PBXVariantGroup;
			children = (
				FA16C3D926DE1DA500692CFD /* Base */,
			);
			name = Main.storyboard;
			sourceTree = "<group>";
		};
		FA16C3DD26DE1DA600692CFD /* LaunchScreen.storyboard */ = {
			isa = PBXVariantGroup;
			children = (
				FA16C3DE26DE1DA600692CFD /* Base */,
			);
			name = LaunchScreen.storyboard;
			sourceTree = "<group>";
		};
/* End PBXVariantGroup section */

/* Begin XCBuildConfiguration section */
		FA16C3E126DE1DA600692CFD /* Debug */ = {
			isa = XCBuildConfiguration;
			buildSettings = {
				ALWAYS_SEARCH_USER_PATHS = NO;
				CLANG_ANALYZER_NONNULL = YES;
				CLANG_ANALYZER_NUMBER_OBJECT_CONVERSION = YES_AGGRESSIVE;
				CLANG_CXX_LANGUAGE_STANDARD = "gnu++14";
				CLANG_CXX_LIBRARY = "libc++";
				CLANG_ENABLE_MODULES = YES;
				CLANG_ENABLE_OBJC_ARC = YES;
				CLANG_ENABLE_OBJC_WEAK = YES;
				CLANG_WARN_BLOCK_CAPTURE_AUTORELEASING = YES;
				CLANG_WARN_BOOL_CONVERSION = YES;
				CLANG_WARN_COMMA = YES;
				CLANG_WARN_CONSTANT_CONVERSION = YES;
				CLANG_WARN_DEPRECATED_OBJC_IMPLEMENTATIONS = YES;
				CLANG_WARN_DIRECT_OBJC_ISA_USAGE = YES_ERROR;
				CLANG_WARN_DOCUMENTATION_COMMENTS = YES;
				CLANG_WARN_EMPTY_BODY = YES;
				CLANG_WARN_ENUM_CONVERSION = YES;
				CLANG_WARN_INFINITE_RECURSION = YES;
				CLANG_WARN_INT_CONVERSION = YES;
				CLANG_WARN_NON_LITERAL_NULL_CONVERSION = YES;
				CLANG_WARN_OBJC_IMPLICIT_RETAIN_SELF = YES;
				CLANG_WARN_OBJC_LITERAL_CONVERSION = YES;
				CLANG_WARN_OBJC_ROOT_CLASS = YES_ERROR;
				CLANG_WARN_QUOTED_INCLUDE_IN_FRAMEWORK_HEADER = YES;
				CLANG_WARN_RANGE_LOOP_ANALYSIS = YES;
				CLANG_WARN_STRICT_PROTOTYPES = YES;
				CLANG_WARN_SUSPICIOUS_MOVE = YES;
				CLANG_WARN_UNGUARDED_AVAILABILITY = YES_AGGRESSIVE;
				CLANG_WARN_UNREACHABLE_CODE = YES;
				CLANG_WARN__DUPLICATE_METHOD_MATCH = YES;
				COPY_PHASE_STRIP = NO;
				DEBUG_INFORMATION_FORMAT = dwarf;
				ENABLE_STRICT_OBJC_MSGSEND = YES;
				ENABLE_TESTABILITY = YES;
				GCC_C_LANGUAGE_STANDARD = gnu11;
				GCC_DYNAMIC_NO_PIC = NO;
				GCC_NO_COMMON_BLOCKS = YES;
				GCC_OPTIMIZATION_LEVEL = 0;
				GCC_PREPROCESSOR_DEFINITIONS = (
					"DEBUG=1",
					"$(inherited)",
				);
				GCC_WARN_64_TO_32_BIT_CONVERSION = YES;
				GCC_WARN_ABOUT_RETURN_TYPE = YES_ERROR;
				GCC_WARN_UNDECLARED_SELECTOR = YES;
				GCC_WARN_UNINITIALIZED_AUTOS = YES_AGGRESSIVE;
				GCC_WARN_UNUSED_FUNCTION = YES;
				GCC_WARN_UNUSED_VARIABLE = YES;
				IPHONEOS_DEPLOYMENT_TARGET = 14.5;
				MTL_ENABLE_DEBUG_INFO = INCLUDE_SOURCE;
				MTL_FAST_MATH = YES;
				ONLY_ACTIVE_ARCH = YES;
				SDKROOT = iphoneos;
				SWIFT_ACTIVE_COMPILATION_CONDITIONS = DEBUG;
				SWIFT_OPTIMIZATION_LEVEL = "-Onone";
			};
			name = Debug;
		};
		FA16C3E226DE1DA600692CFD /* Release */ = {
			isa = XCBuildConfiguration;
			buildSettings = {
				ALWAYS_SEARCH_USER_PATHS = NO;
				CLANG_ANALYZER_NONNULL = YES;
				CLANG_ANALYZER_NUMBER_OBJECT_CONVERSION = YES_AGGRESSIVE;
				CLANG_CXX_LANGUAGE_STANDARD = "gnu++14";
				CLANG_CXX_LIBRARY = "libc++";
				CLANG_ENABLE_MODULES = YES;
				CLANG_ENABLE_OBJC_ARC = YES;
				CLANG_ENABLE_OBJC_WEAK = YES;
				CLANG_WARN_BLOCK_CAPTURE_AUTORELEASING = YES;
				CLANG_WARN_BOOL_CONVERSION = YES;
				CLANG_WARN_COMMA = YES;
				CLANG_WARN_CONSTANT_CONVERSION = YES;
				CLANG_WARN_DEPRECATED_OBJC_IMPLEMENTATIONS = YES;
				CLANG_WARN_DIRECT_OBJC_ISA_USAGE = YES_ERROR;
				CLANG_WARN_DOCUMENTATION_COMMENTS = YES;
				CLANG_WARN_EMPTY_BODY = YES;
				CLANG_WARN_ENUM_CONVERSION = YES;
				CLANG_WARN_INFINITE_RECURSION = YES;
				CLANG_WARN_INT_CONVERSION = YES;
				CLANG_WARN_NON_LITERAL_NULL_CONVERSION = YES;
				CLANG_WARN_OBJC_IMPLICIT_RETAIN_SELF = YES;
				CLANG_WARN_OBJC_LITERAL_CONVERSION = YES;
				CLANG_WARN_OBJC_ROOT_CLASS = YES_ERROR;
				CLANG_WARN_QUOTED_INCLUDE_IN_FRAMEWORK_HEADER = YES;
				CLANG_WARN_RANGE_LOOP_ANALYSIS = YES;
				CLANG_WARN_STRICT_PROTOTYPES = YES;
				CLANG_WARN_SUSPICIOUS_MOVE = YES;
				CLANG_WARN_UNGUARDED_AVAILABILITY = YES_AGGRESSIVE;
				CLANG_WARN_UNREACHABLE_CODE = YES;
				CLANG_WARN__DUPLICATE_METHOD_MATCH = YES;
				COPY_PHASE_STRIP = NO;
				DEBUG_INFORMATION_FORMAT = "dwarf-with-dsym";
				ENABLE_NS_ASSERTIONS = NO;
				ENABLE_STRICT_OBJC_MSGSEND = YES;
				GCC_C_LANGUAGE_STANDARD = gnu11;
				GCC_NO_COMMON_BLOCKS = YES;
				GCC_WARN_64_TO_32_BIT_CONVERSION = YES;
				GCC_WARN_ABOUT_RETURN_TYPE = YES_ERROR;
				GCC_WARN_UNDECLARED_SELECTOR = YES;
				GCC_WARN_UNINITIALIZED_AUTOS = YES_AGGRESSIVE;
				GCC_WARN_UNUSED_FUNCTION = YES;
				GCC_WARN_UNUSED_VARIABLE = YES;
				IPHONEOS_DEPLOYMENT_TARGET = 14.5;
				MTL_ENABLE_DEBUG_INFO = NO;
				MTL_FAST_MATH = YES;
				SDKROOT = iphoneos;
				SWIFT_COMPILATION_MODE = wholemodule;
				SWIFT_OPTIMIZATION_LEVEL = "-O";
				VALIDATE_PRODUCT = YES;
			};
			name = Release;
		};
		FA16C3E426DE1DA600692CFD /* Debug */ = {
			isa = XCBuildConfiguration;
			baseConfigurationReference = F8D043735E9A648D1480E1AC /* Pods-DealApp.debug.xcconfig */;
			buildSettings = {
				ASSETCATALOG_COMPILER_APPICON_NAME = AppIcon;
				ASSETCATALOG_COMPILER_GLOBAL_ACCENT_COLOR_NAME = AccentColor;
				CODE_SIGN_STYLE = Automatic;
				INFOPLIST_FILE = DealApp/Info.plist;
				LD_RUNPATH_SEARCH_PATHS = (
					"$(inherited)",
					"@executable_path/Frameworks",
				);
				PRODUCT_BUNDLE_IDENTIFIER = uniontek.DealApp;
				PRODUCT_NAME = "$(TARGET_NAME)";
				SWIFT_VERSION = 5.0;
				TARGETED_DEVICE_FAMILY = "1,2";
			};
			name = Debug;
		};
		FA16C3E526DE1DA600692CFD /* Release */ = {
			isa = XCBuildConfiguration;
			baseConfigurationReference = E3FD4F7943E70B053CB910CE /* Pods-DealApp.release.xcconfig */;
			buildSettings = {
				ASSETCATALOG_COMPILER_APPICON_NAME = AppIcon;
				ASSETCATALOG_COMPILER_GLOBAL_ACCENT_COLOR_NAME = AccentColor;
				CODE_SIGN_STYLE = Automatic;
				INFOPLIST_FILE = DealApp/Info.plist;
				LD_RUNPATH_SEARCH_PATHS = (
					"$(inherited)",
					"@executable_path/Frameworks",
				);
				PRODUCT_BUNDLE_IDENTIFIER = uniontek.DealApp;
				PRODUCT_NAME = "$(TARGET_NAME)";
				SWIFT_VERSION = 5.0;
				TARGETED_DEVICE_FAMILY = "1,2";
			};
			name = Release;
		};
/* End XCBuildConfiguration section */

/* Begin XCConfigurationList section */
		FA16C3CA26DE1DA500692CFD /* Build configuration list for PBXProject "DealApp" */ = {
			isa = XCConfigurationList;
			buildConfigurations = (
				FA16C3E126DE1DA600692CFD /* Debug */,
				FA16C3E226DE1DA600692CFD /* Release */,
			);
			defaultConfigurationIsVisible = 0;
			defaultConfigurationName = Release;
		};
		FA16C3E326DE1DA600692CFD /* Build configuration list for PBXNativeTarget "DealApp" */ = {
			isa = XCConfigurationList;
			buildConfigurations = (
				FA16C3E426DE1DA600692CFD /* Debug */,
				FA16C3E526DE1DA600692CFD /* Release */,
			);
			defaultConfigurationIsVisible = 0;
			defaultConfigurationName = Release;
		};
/* End XCConfigurationList section */
	};
	rootObject = FA16C3C726DE1DA500692CFD /* Project object */;
}
